// !$*UTF8*$!
{
	archiveVersion = 1;
	classes = {
	};
	objectVersion = 54;
	objects = {

/* Begin PBXBuildFile section */
		13B07FBF1A68108700A75B9A /* Images.xcassets in Resources */ = {isa = PBXBuildFile; fileRef = 13B07FB51A68108700A75B9A /* Images.xcassets */; };
		3CB840BF6B854893387F7D1E /* libPods-SufraRewards.a in Frameworks */ = {isa = PBXBuildFile; fileRef = 2D200E3E9EDA910F6F0D650F /* libPods-SufraRewards.a */; };
		3E461D99554A48A4959DE609 /* SplashScreen.storyboard in Resources */ = {isa = PBXBuildFile; fileRef = AA286B85B6C04FC6940260E9 /* SplashScreen.storyboard */; };
		61D59C19620D8FDB2AF7C78D /* PrivacyInfo.xcprivacy in Resources */ = {isa = PBXBuildFile; fileRef = 42673FA8CCE6B1F20BE66319 /* PrivacyInfo.xcprivacy */; };
		BB2F792D24A3F905000567C9 /* Expo.plist in Resources */ = {isa = PBXBuildFile; fileRef = BB2F792C24A3F905000567C9 /* Expo.plist */; };
		D35672CCADC23E4F43F720BB /* ExpoModulesProvider.swift in Sources */ = {isa = PBXBuildFile; fileRef = 16F772DD565F6962E2850556 /* ExpoModulesProvider.swift */; };
		F11748422D0307B40044C1D9 /* AppDelegate.swift in Sources */ = {isa = PBXBuildFile; fileRef = F11748412D0307B40044C1D9 /* AppDelegate.swift */; };
		32DDC9741BF44164BF7300C1 /* Sackers Gothic Std Heavy.otf in Resources */ = {isa = PBXBuildFile; fileRef = F718E17BA877463F9D167FA9 /* Sackers Gothic Std Heavy.otf */; };
		6B82730D44B040B5AC5B955C /* InterFace_Trial_Bd.ttf in Resources */ = {isa = PBXBuildFile; fileRef = F8E52AB54D364BB48ED52D6C /* InterFace_Trial_Bd.ttf */; };
		F4F826CBAAA342D9BB9E84A1 /* InterFace_Trial_BdIt.ttf in Resources */ = {isa = PBXBuildFile; fileRef = BC210DD51CE14FD4965C7CEB /* InterFace_Trial_BdIt.ttf */; };
		66E245F510124EDD84DF0775 /* InterFace_Trial_Blk.ttf in Resources */ = {isa = PBXBuildFile; fileRef = B1E334989EE14C1D8E2755E0 /* InterFace_Trial_Blk.ttf */; };
		59337F5DA7BD45B7ABF011BE /* InterFace_Trial_BlkIt.ttf in Resources */ = {isa = PBXBuildFile; fileRef = CCE5A4364ABA4115B01456AA /* InterFace_Trial_BlkIt.ttf */; };
		DC10535C903B4328BEABF0DD /* InterFace_Trial_It.ttf in Resources */ = {isa = PBXBuildFile; fileRef = 35762EE06D0F48829A690D85 /* InterFace_Trial_It.ttf */; };
		8932FB46D2B74BD89F552DE6 /* InterFace_Trial_Lt.ttf in Resources */ = {isa = PBXBuildFile; fileRef = DA27B393FDC94B4CB2FD7E67 /* InterFace_Trial_Lt.ttf */; };
		5890A15EC0B74ACFAAB5B2D9 /* InterFace_Trial_LtIt.ttf in Resources */ = {isa = PBXBuildFile; fileRef = 53D44CE4F3BD45BEB58C0491 /* InterFace_Trial_LtIt.ttf */; };
		E5A60FE14BD04199ADF9BCF2 /* InterFace_Trial_Rg.ttf in Resources */ = {isa = PBXBuildFile; fileRef = 031CB6EF4ACD4B5F818F4E31 /* InterFace_Trial_Rg.ttf */; };
		5871841E72394601A979BD00 /* InterFace_Trial_Th.ttf in Resources */ = {isa = PBXBuildFile; fileRef = 7301D11894654F7990421405 /* InterFace_Trial_Th.ttf */; };
		DCFE191E527246DAB0ECF04B /* InterFace_Trial_ThIt.ttf in Resources */ = {isa = PBXBuildFile; fileRef = DF9C89F68A0B499BB172407C /* InterFace_Trial_ThIt.ttf */; };
		3C14898D7661448D8F50ECFF /* InterFace_Trial_XBd.ttf in Resources */ = {isa = PBXBuildFile; fileRef = 423CC38B6CF9472098B6723D /* InterFace_Trial_XBd.ttf */; };
		A820DE1D6ED746B9A37BB4A1 /* InterFace_Trial_XBdIt.ttf in Resources */ = {isa = PBXBuildFile; fileRef = 518DBD99AB53406DAFD0EABF /* InterFace_Trial_XBdIt.ttf */; };
		3DB8D00CBF694707B25FA7CD /* Rubik-Black.ttf in Resources */ = {isa = PBXBuildFile; fileRef = BE57CBD59CDB4404B942C7E9 /* Rubik-Black.ttf */; };
		03F767FDB44A409ABCE41620 /* Rubik-BlackItalic.ttf in Resources */ = {isa = PBXBuildFile; fileRef = 8AEB6C70CCAF4942AB3F11D6 /* Rubik-BlackItalic.ttf */; };
		516BB7F3DDEF49568B6768CC /* Rubik-Bold.ttf in Resources */ = {isa = PBXBuildFile; fileRef = 3B43310AC0974DF9925D961E /* Rubik-Bold.ttf */; };
		A9FF5FD618C94D299B061B68 /* Rubik-BoldItalic.ttf in Resources */ = {isa = PBXBuildFile; fileRef = 689B42B7244D43FDB7892256 /* Rubik-BoldItalic.ttf */; };
		B80B1D73BB3C476682296A21 /* Rubik-ExtraBold.ttf in Resources */ = {isa = PBXBuildFile; fileRef = DD285EBA02A0402E90F48389 /* Rubik-ExtraBold.ttf */; };
		3956F1CE04D4422EBC2DBD94 /* Rubik-ExtraBoldItalic.ttf in Resources */ = {isa = PBXBuildFile; fileRef = 54ED10F4A24643E0AE678DAD /* Rubik-ExtraBoldItalic.ttf */; };
		51D9E828951E40AC89311C7C /* Rubik-Italic.ttf in Resources */ = {isa = PBXBuildFile; fileRef = 78AADD72F0394D42984C20D1 /* Rubik-Italic.ttf */; };
		A0D26B05260647CBA1B8BACE /* Rubik-Light.ttf in Resources */ = {isa = PBXBuildFile; fileRef = 1B97A7174DE54D418659A3F6 /* Rubik-Light.ttf */; };
		41AFD87B9359432AA97037B8 /* Rubik-LightItalic.ttf in Resources */ = {isa = PBXBuildFile; fileRef = 64DD688D514543A4BDA7CC57 /* Rubik-LightItalic.ttf */; };
		77147CC56F444D54B2110204 /* Rubik-Medium.ttf in Resources */ = {isa = PBXBuildFile; fileRef = 81D4A71007EF475EB969D023 /* Rubik-Medium.ttf */; };
		2A1D8917DF5A41CDB3F42DC2 /* Rubik-MediumItalic.ttf in Resources */ = {isa = PBXBuildFile; fileRef = 58E0AAF4752E4090B2F473A1 /* Rubik-MediumItalic.ttf */; };
		582CF04D7A824A29B92EFBB8 /* Rubik-Regular.ttf in Resources */ = {isa = PBXBuildFile; fileRef = 888C651228FD453AAD85F858 /* Rubik-Regular.ttf */; };
		7AA436E158834396B9DBB8AC /* Rubik-SemiBold.ttf in Resources */ = {isa = PBXBuildFile; fileRef = 2E37AEB5E8844D78BA313750 /* Rubik-SemiBold.ttf */; };
		AD589086265C4043BF26C4E1 /* Rubik-SemiBoldItalic.ttf in Resources */ = {isa = PBXBuildFile; fileRef = 86C57FF4EC5248D4984131D4 /* Rubik-SemiBoldItalic.ttf */; };
/* End PBXBuildFile section */

/* Begin PBXFileReference section */
		13B07F961A680F5B00A75B9A /* SufraRewards.app */ = {isa = PBXFileReference; explicitFileType = wrapper.application; includeInIndex = 0; path = SufraRewards.app; sourceTree = BUILT_PRODUCTS_DIR; };
		13B07FB51A68108700A75B9A /* Images.xcassets */ = {isa = PBXFileReference; lastKnownFileType = folder.assetcatalog; name = Images.xcassets; path = SufraRewards/Images.xcassets; sourceTree = "<group>"; };
		13B07FB61A68108700A75B9A /* Info.plist */ = {isa = PBXFileReference; fileEncoding = 4; lastKnownFileType = text.plist.xml; name = Info.plist; path = SufraRewards/Info.plist; sourceTree = "<group>"; };
		16F772DD565F6962E2850556 /* ExpoModulesProvider.swift */ = {isa = PBXFileReference; includeInIndex = 1; lastKnownFileType = sourcecode.swift; name = ExpoModulesProvider.swift; path = "Pods/Target Support Files/Pods-SufraRewards/ExpoModulesProvider.swift"; sourceTree = "<group>"; };
		23771C85633B476F21208D61 /* Pods-SufraRewards.release.xcconfig */ = {isa = PBXFileReference; includeInIndex = 1; lastKnownFileType = text.xcconfig; name = "Pods-SufraRewards.release.xcconfig"; path = "Target Support Files/Pods-SufraRewards/Pods-SufraRewards.release.xcconfig"; sourceTree = "<group>"; };
		2D200E3E9EDA910F6F0D650F /* libPods-SufraRewards.a */ = {isa = PBXFileReference; explicitFileType = archive.ar; includeInIndex = 0; path = "libPods-SufraRewards.a"; sourceTree = BUILT_PRODUCTS_DIR; };
		42673FA8CCE6B1F20BE66319 /* PrivacyInfo.xcprivacy */ = {isa = PBXFileReference; includeInIndex = 1; name = PrivacyInfo.xcprivacy; path = SufraRewards/PrivacyInfo.xcprivacy; sourceTree = "<group>"; };
		AA286B85B6C04FC6940260E9 /* SplashScreen.storyboard */ = {isa = PBXFileReference; fileEncoding = 4; lastKnownFileType = file.storyboard; name = SplashScreen.storyboard; path = SufraRewards/SplashScreen.storyboard; sourceTree = "<group>"; };
		BB2F792C24A3F905000567C9 /* Expo.plist */ = {isa = PBXFileReference; fileEncoding = 4; lastKnownFileType = text.plist.xml; path = Expo.plist; sourceTree = "<group>"; };
		C105043C058641A2FF0D768B /* Pods-SufraRewards.debug.xcconfig */ = {isa = PBXFileReference; includeInIndex = 1; lastKnownFileType = text.xcconfig; name = "Pods-SufraRewards.debug.xcconfig"; path = "Target Support Files/Pods-SufraRewards/Pods-SufraRewards.debug.xcconfig"; sourceTree = "<group>"; };
		ED297162215061F000B7C4FE /* JavaScriptCore.framework */ = {isa = PBXFileReference; lastKnownFileType = wrapper.framework; name = JavaScriptCore.framework; path = System/Library/Frameworks/JavaScriptCore.framework; sourceTree = SDKROOT; };
		F11748412D0307B40044C1D9 /* AppDelegate.swift */ = {isa = PBXFileReference; lastKnownFileType = sourcecode.swift; name = AppDelegate.swift; path = SufraRewards/AppDelegate.swift; sourceTree = "<group>"; };
		F11748442D0722820044C1D9 /* SufraRewards-Bridging-Header.h */ = {isa = PBXFileReference; lastKnownFileType = sourcecode.c.h; name = "SufraRewards-Bridging-Header.h"; path = "SufraRewards/SufraRewards-Bridging-Header.h"; sourceTree = "<group>"; };
		F718E17BA877463F9D167FA9 /* Sackers Gothic Std Heavy.otf */ = {isa = PBXFileReference; name = "Sackers Gothic Std Heavy.otf"; path = "../assets/fonts/Sackers Gothic Std Heavy.otf"; sourceTree = "<group>"; fileEncoding = undefined; lastKnownFileType = unknown; explicitFileType = undefined; includeInIndex = 0; };
		F8E52AB54D364BB48ED52D6C /* InterFace_Trial_Bd.ttf */ = {isa = PBXFileReference; name = "InterFace_Trial_Bd.ttf"; path = "../assets/fonts/InterFace_Trial_Bd.ttf"; sourceTree = "<group>"; fileEncoding = undefined; lastKnownFileType = unknown; explicitFileType = undefined; includeInIndex = 0; };
		BC210DD51CE14FD4965C7CEB /* InterFace_Trial_BdIt.ttf */ = {isa = PBXFileReference; name = "InterFace_Trial_BdIt.ttf"; path = "../assets/fonts/InterFace_Trial_BdIt.ttf"; sourceTree = "<group>"; fileEncoding = undefined; lastKnownFileType = unknown; explicitFileType = undefined; includeInIndex = 0; };
		B1E334989EE14C1D8E2755E0 /* InterFace_Trial_Blk.ttf */ = {isa = PBXFileReference; name = "InterFace_Trial_Blk.ttf"; path = "../assets/fonts/InterFace_Trial_Blk.ttf"; sourceTree = "<group>"; fileEncoding = undefined; lastKnownFileType = unknown; explicitFileType = undefined; includeInIndex = 0; };
		CCE5A4364ABA4115B01456AA /* InterFace_Trial_BlkIt.ttf */ = {isa = PBXFileReference; name = "InterFace_Trial_BlkIt.ttf"; path = "../assets/fonts/InterFace_Trial_BlkIt.ttf"; sourceTree = "<group>"; fileEncoding = undefined; lastKnownFileType = unknown; explicitFileType = undefined; includeInIndex = 0; };
		35762EE06D0F48829A690D85 /* InterFace_Trial_It.ttf */ = {isa = PBXFileReference; name = "InterFace_Trial_It.ttf"; path = "../assets/fonts/InterFace_Trial_It.ttf"; sourceTree = "<group>"; fileEncoding = undefined; lastKnownFileType = unknown; explicitFileType = undefined; includeInIndex = 0; };
		DA27B393FDC94B4CB2FD7E67 /* InterFace_Trial_Lt.ttf */ = {isa = PBXFileReference; name = "InterFace_Trial_Lt.ttf"; path = "../assets/fonts/InterFace_Trial_Lt.ttf"; sourceTree = "<group>"; fileEncoding = undefined; lastKnownFileType = unknown; explicitFileType = undefined; includeInIndex = 0; };
		53D44CE4F3BD45BEB58C0491 /* InterFace_Trial_LtIt.ttf */ = {isa = PBXFileReference; name = "InterFace_Trial_LtIt.ttf"; path = "../assets/fonts/InterFace_Trial_LtIt.ttf"; sourceTree = "<group>"; fileEncoding = undefined; lastKnownFileType = unknown; explicitFileType = undefined; includeInIndex = 0; };
		031CB6EF4ACD4B5F818F4E31 /* InterFace_Trial_Rg.ttf */ = {isa = PBXFileReference; name = "InterFace_Trial_Rg.ttf"; path = "../assets/fonts/InterFace_Trial_Rg.ttf"; sourceTree = "<group>"; fileEncoding = undefined; lastKnownFileType = unknown; explicitFileType = undefined; includeInIndex = 0; };
		7301D11894654F7990421405 /* InterFace_Trial_Th.ttf */ = {isa = PBXFileReference; name = "InterFace_Trial_Th.ttf"; path = "../assets/fonts/InterFace_Trial_Th.ttf"; sourceTree = "<group>"; fileEncoding = undefined; lastKnownFileType = unknown; explicitFileType = undefined; includeInIndex = 0; };
		DF9C89F68A0B499BB172407C /* InterFace_Trial_ThIt.ttf */ = {isa = PBXFileReference; name = "InterFace_Trial_ThIt.ttf"; path = "../assets/fonts/InterFace_Trial_ThIt.ttf"; sourceTree = "<group>"; fileEncoding = undefined; lastKnownFileType = unknown; explicitFileType = undefined; includeInIndex = 0; };
		423CC38B6CF9472098B6723D /* InterFace_Trial_XBd.ttf */ = {isa = PBXFileReference; name = "InterFace_Trial_XBd.ttf"; path = "../assets/fonts/InterFace_Trial_XBd.ttf"; sourceTree = "<group>"; fileEncoding = undefined; lastKnownFileType = unknown; explicitFileType = undefined; includeInIndex = 0; };
		518DBD99AB53406DAFD0EABF /* InterFace_Trial_XBdIt.ttf */ = {isa = PBXFileReference; name = "InterFace_Trial_XBdIt.ttf"; path = "../assets/fonts/InterFace_Trial_XBdIt.ttf"; sourceTree = "<group>"; fileEncoding = undefined; lastKnownFileType = unknown; explicitFileType = undefined; includeInIndex = 0; };
		BE57CBD59CDB4404B942C7E9 /* Rubik-Black.ttf */ = {isa = PBXFileReference; name = "Rubik-Black.ttf"; path = "../assets/fonts/Rubik-Black.ttf"; sourceTree = "<group>"; fileEncoding = undefined; lastKnownFileType = unknown; explicitFileType = undefined; includeInIndex = 0; };
		8AEB6C70CCAF4942AB3F11D6 /* Rubik-BlackItalic.ttf */ = {isa = PBXFileReference; name = "Rubik-BlackItalic.ttf"; path = "../assets/fonts/Rubik-BlackItalic.ttf"; sourceTree = "<group>"; fileEncoding = undefined; lastKnownFileType = unknown; explicitFileType = undefined; includeInIndex = 0; };
		3B43310AC0974DF9925D961E /* Rubik-Bold.ttf */ = {isa = PBXFileReference; name = "Rubik-Bold.ttf"; path = "../assets/fonts/Rubik-Bold.ttf"; sourceTree = "<group>"; fileEncoding = undefined; lastKnownFileType = unknown; explicitFileType = undefined; includeInIndex = 0; };
		689B42B7244D43FDB7892256 /* Rubik-BoldItalic.ttf */ = {isa = PBXFileReference; name = "Rubik-BoldItalic.ttf"; path = "../assets/fonts/Rubik-BoldItalic.ttf"; sourceTree = "<group>"; fileEncoding = undefined; lastKnownFileType = unknown; explicitFileType = undefined; includeInIndex = 0; };
		DD285EBA02A0402E90F48389 /* Rubik-ExtraBold.ttf */ = {isa = PBXFileReference; name = "Rubik-ExtraBold.ttf"; path = "../assets/fonts/Rubik-ExtraBold.ttf"; sourceTree = "<group>"; fileEncoding = undefined; lastKnownFileType = unknown; explicitFileType = undefined; includeInIndex = 0; };
		54ED10F4A24643E0AE678DAD /* Rubik-ExtraBoldItalic.ttf */ = {isa = PBXFileReference; name = "Rubik-ExtraBoldItalic.ttf"; path = "../assets/fonts/Rubik-ExtraBoldItalic.ttf"; sourceTree = "<group>"; fileEncoding = undefined; lastKnownFileType = unknown; explicitFileType = undefined; includeInIndex = 0; };
		78AADD72F0394D42984C20D1 /* Rubik-Italic.ttf */ = {isa = PBXFileReference; name = "Rubik-Italic.ttf"; path = "../assets/fonts/Rubik-Italic.ttf"; sourceTree = "<group>"; fileEncoding = undefined; lastKnownFileType = unknown; explicitFileType = undefined; includeInIndex = 0; };
		1B97A7174DE54D418659A3F6 /* Rubik-Light.ttf */ = {isa = PBXFileReference; name = "Rubik-Light.ttf"; path = "../assets/fonts/Rubik-Light.ttf"; sourceTree = "<group>"; fileEncoding = undefined; lastKnownFileType = unknown; explicitFileType = undefined; includeInIndex = 0; };
		64DD688D514543A4BDA7CC57 /* Rubik-LightItalic.ttf */ = {isa = PBXFileReference; name = "Rubik-LightItalic.ttf"; path = "../assets/fonts/Rubik-LightItalic.ttf"; sourceTree = "<group>"; fileEncoding = undefined; lastKnownFileType = unknown; explicitFileType = undefined; includeInIndex = 0; };
		81D4A71007EF475EB969D023 /* Rubik-Medium.ttf */ = {isa = PBXFileReference; name = "Rubik-Medium.ttf"; path = "../assets/fonts/Rubik-Medium.ttf"; sourceTree = "<group>"; fileEncoding = undefined; lastKnownFileType = unknown; explicitFileType = undefined; includeInIndex = 0; };
		58E0AAF4752E4090B2F473A1 /* Rubik-MediumItalic.ttf */ = {isa = PBXFileReference; name = "Rubik-MediumItalic.ttf"; path = "../assets/fonts/Rubik-MediumItalic.ttf"; sourceTree = "<group>"; fileEncoding = undefined; lastKnownFileType = unknown; explicitFileType = undefined; includeInIndex = 0; };
		888C651228FD453AAD85F858 /* Rubik-Regular.ttf */ = {isa = PBXFileReference; name = "Rubik-Regular.ttf"; path = "../assets/fonts/Rubik-Regular.ttf"; sourceTree = "<group>"; fileEncoding = undefined; lastKnownFileType = unknown; explicitFileType = undefined; includeInIndex = 0; };
		2E37AEB5E8844D78BA313750 /* Rubik-SemiBold.ttf */ = {isa = PBXFileReference; name = "Rubik-SemiBold.ttf"; path = "../assets/fonts/Rubik-SemiBold.ttf"; sourceTree = "<group>"; fileEncoding = undefined; lastKnownFileType = unknown; explicitFileType = undefined; includeInIndex = 0; };
		86C57FF4EC5248D4984131D4 /* Rubik-SemiBoldItalic.ttf */ = {isa = PBXFileReference; name = "Rubik-SemiBoldItalic.ttf"; path = "../assets/fonts/Rubik-SemiBoldItalic.ttf"; sourceTree = "<group>"; fileEncoding = undefined; lastKnownFileType = unknown; explicitFileType = undefined; includeInIndex = 0; };
/* End PBXFileReference section */

/* Begin PBXFrameworksBuildPhase section */
		13B07F8C1A680F5B00A75B9A /* Frameworks */ = {
			isa = PBXFrameworksBuildPhase;
			buildActionMask = 2147483647;
			files = (
				3CB840BF6B854893387F7D1E /* libPods-SufraRewards.a in Frameworks */,
			);
			runOnlyForDeploymentPostprocessing = 0;
		};
/* End PBXFrameworksBuildPhase section */

/* Begin PBXGroup section */
		0139E327B121A766AF5C6480 /* SufraRewards */ = {
			isa = PBXGroup;
			children = (
				16F772DD565F6962E2850556 /* ExpoModulesProvider.swift */,
			);
			name = SufraRewards;
			sourceTree = "<group>";
		};
		13B07FAE1A68108700A75B9A /* SufraRewards */ = {
			isa = PBXGroup;
			children = (
				F11748412D0307B40044C1D9 /* AppDelegate.swift */,
				F11748442D0722820044C1D9 /* SufraRewards-Bridging-Header.h */,
				BB2F792B24A3F905000567C9 /* Supporting */,
				13B07FB51A68108700A75B9A /* Images.xcassets */,
				13B07FB61A68108700A75B9A /* Info.plist */,
				AA286B85B6C04FC6940260E9 /* SplashScreen.storyboard */,
				42673FA8CCE6B1F20BE66319 /* PrivacyInfo.xcprivacy */,
			);
			name = SufraRewards;
			sourceTree = "<group>";
		};
		18D220B2C52F2DA982E40A68 /* ExpoModulesProviders */ = {
			isa = PBXGroup;
			children = (
				0139E327B121A766AF5C6480 /* SufraRewards */,
			);
			name = ExpoModulesProviders;
			sourceTree = "<group>";
		};
		2D16E6871FA4F8E400B85C8A /* Frameworks */ = {
			isa = PBXGroup;
			children = (
				ED297162215061F000B7C4FE /* JavaScriptCore.framework */,
				2D200E3E9EDA910F6F0D650F /* libPods-SufraRewards.a */,
			);
			name = Frameworks;
			sourceTree = "<group>";
		};
		70BFA592C0F268C1C809AD97 /* Pods */ = {
			isa = PBXGroup;
			children = (
				C105043C058641A2FF0D768B /* Pods-SufraRewards.debug.xcconfig */,
				23771C85633B476F21208D61 /* Pods-SufraRewards.release.xcconfig */,
			);
			name = Pods;
			path = Pods;
			sourceTree = "<group>";
		};
		832341AE1AAA6A7D00B99B32 /* Libraries */ = {
			isa = PBXGroup;
			children = (
			);
			name = Libraries;
			sourceTree = "<group>";
		};
		83CBB9F61A601CBA00E9B192 = {
			isa = PBXGroup;
			children = (
				13B07FAE1A68108700A75B9A /* SufraRewards */,
				832341AE1AAA6A7D00B99B32 /* Libraries */,
				83CBBA001A601CBA00E9B192 /* Products */,
				2D16E6871FA4F8E400B85C8A /* Frameworks */,
				70BFA592C0F268C1C809AD97 /* Pods */,
				18D220B2C52F2DA982E40A68 /* ExpoModulesProviders */,
				96CE3AA4DFEB40FE8A87674F /* Resources */,
			);
			indentWidth = 2;
			sourceTree = "<group>";
			tabWidth = 2;
			usesTabs = 0;
		};
		83CBBA001A601CBA00E9B192 /* Products */ = {
			isa = PBXGroup;
			children = (
				13B07F961A680F5B00A75B9A /* SufraRewards.app */,
			);
			name = Products;
			sourceTree = "<group>";
		};
		BB2F792B24A3F905000567C9 /* Supporting */ = {
			isa = PBXGroup;
			children = (
				BB2F792C24A3F905000567C9 /* Expo.plist */,
			);
			name = Supporting;
			path = SufraRewards/Supporting;
			sourceTree = "<group>";
		};
		96CE3AA4DFEB40FE8A87674F /* Resources */ = {
			isa = "PBXGroup";
			children = (
				F718E17BA877463F9D167FA9 /* Sackers Gothic Std Heavy.otf */,
				F8E52AB54D364BB48ED52D6C /* InterFace_Trial_Bd.ttf */,
				BC210DD51CE14FD4965C7CEB /* InterFace_Trial_BdIt.ttf */,
				B1E334989EE14C1D8E2755E0 /* InterFace_Trial_Blk.ttf */,
				CCE5A4364ABA4115B01456AA /* InterFace_Trial_BlkIt.ttf */,
				35762EE06D0F48829A690D85 /* InterFace_Trial_It.ttf */,
				DA27B393FDC94B4CB2FD7E67 /* InterFace_Trial_Lt.ttf */,
				53D44CE4F3BD45BEB58C0491 /* InterFace_Trial_LtIt.ttf */,
				031CB6EF4ACD4B5F818F4E31 /* InterFace_Trial_Rg.ttf */,
				7301D11894654F7990421405 /* InterFace_Trial_Th.ttf */,
				DF9C89F68A0B499BB172407C /* InterFace_Trial_ThIt.ttf */,
				423CC38B6CF9472098B6723D /* InterFace_Trial_XBd.ttf */,
				518DBD99AB53406DAFD0EABF /* InterFace_Trial_XBdIt.ttf */,
				BE57CBD59CDB4404B942C7E9 /* Rubik-Black.ttf */,
				8AEB6C70CCAF4942AB3F11D6 /* Rubik-BlackItalic.ttf */,
				3B43310AC0974DF9925D961E /* Rubik-Bold.ttf */,
				689B42B7244D43FDB7892256 /* Rubik-BoldItalic.ttf */,
				DD285EBA02A0402E90F48389 /* Rubik-ExtraBold.ttf */,
				54ED10F4A24643E0AE678DAD /* Rubik-ExtraBoldItalic.ttf */,
				78AADD72F0394D42984C20D1 /* Rubik-Italic.ttf */,
				1B97A7174DE54D418659A3F6 /* Rubik-Light.ttf */,
				64DD688D514543A4BDA7CC57 /* Rubik-LightItalic.ttf */,
				81D4A71007EF475EB969D023 /* Rubik-Medium.ttf */,
				58E0AAF4752E4090B2F473A1 /* Rubik-MediumItalic.ttf */,
				888C651228FD453AAD85F858 /* Rubik-Regular.ttf */,
				2E37AEB5E8844D78BA313750 /* Rubik-SemiBold.ttf */,
				86C57FF4EC5248D4984131D4 /* Rubik-SemiBoldItalic.ttf */,
			);
			name = Resources;
			sourceTree = "<group>";
			path = "";
		};
/* End PBXGroup section */

/* Begin PBXNativeTarget section */
		13B07F861A680F5B00A75B9A /* SufraRewards */ = {
			isa = PBXNativeTarget;
			buildConfigurationList = 13B07F931A680F5B00A75B9A /* Build configuration list for PBXNativeTarget "SufraRewards" */;
			buildPhases = (
				08A4A3CD28434E44B6B9DE2E /* [CP] Check Pods Manifest.lock */,
				8B3DC949E2C2CCEF2DCDBAAD /* [Expo] Configure project */,
				13B07F871A680F5B00A75B9A /* Sources */,
				13B07F8C1A680F5B00A75B9A /* Frameworks */,
				13B07F8E1A680F5B00A75B9A /* Resources */,
				00DD1BFF1BD5951E006B06BC /* Bundle React Native code and images */,
				800E24972A6A228C8D4807E9 /* [CP] Copy Pods Resources */,
				84DFED5A1A2708EBBC4A179B /* [CP] Embed Pods Frameworks */,
			);
			buildRules = (
			);
			dependencies = (
			);
			name = SufraRewards;
			productName = SufraRewards;
			productReference = 13B07F961A680F5B00A75B9A /* SufraRewards.app */;
			productType = "com.apple.product-type.application";
		};
/* End PBXNativeTarget section */

/* Begin PBXProject section */
		83CBB9F71A601CBA00E9B192 /* Project object */ = {
			isa = PBXProject;
			attributes = {
				LastUpgradeCheck = 1130;
				TargetAttributes = {
					13B07F861A680F5B00A75B9A = {
						LastSwiftMigration = 1250;
					};
				};
			};
			buildConfigurationList = 83CBB9FA1A601CBA00E9B192 /* Build configuration list for PBXProject "SufraRewards" */;
			compatibilityVersion = "Xcode 3.2";
			developmentRegion = en;
			hasScannedForEncodings = 0;
			knownRegions = (
				en,
				Base,
			);
			mainGroup = 83CBB9F61A601CBA00E9B192;
			productRefGroup = 83CBBA001A601CBA00E9B192 /* Products */;
			projectDirPath = "";
			projectRoot = "";
			targets = (
				13B07F861A680F5B00A75B9A /* SufraRewards */,
			);
		};
/* End PBXProject section */

/* Begin PBXResourcesBuildPhase section */
		13B07F8E1A680F5B00A75B9A /* Resources */ = {
			isa = PBXResourcesBuildPhase;
			buildActionMask = 2147483647;
			files = (
				BB2F792D24A3F905000567C9 /* Expo.plist in Resources */,
				13B07FBF1A68108700A75B9A /* Images.xcassets in Resources */,
				3E461D99554A48A4959DE609 /* SplashScreen.storyboard in Resources */,
				61D59C19620D8FDB2AF7C78D /* PrivacyInfo.xcprivacy in Resources */,
				32DDC9741BF44164BF7300C1 /* Sackers Gothic Std Heavy.otf in Resources */,
				6B82730D44B040B5AC5B955C /* InterFace_Trial_Bd.ttf in Resources */,
				F4F826CBAAA342D9BB9E84A1 /* InterFace_Trial_BdIt.ttf in Resources */,
				66E245F510124EDD84DF0775 /* InterFace_Trial_Blk.ttf in Resources */,
				59337F5DA7BD45B7ABF011BE /* InterFace_Trial_BlkIt.ttf in Resources */,
				DC10535C903B4328BEABF0DD /* InterFace_Trial_It.ttf in Resources */,
				8932FB46D2B74BD89F552DE6 /* InterFace_Trial_Lt.ttf in Resources */,
				5890A15EC0B74ACFAAB5B2D9 /* InterFace_Trial_LtIt.ttf in Resources */,
				E5A60FE14BD04199ADF9BCF2 /* InterFace_Trial_Rg.ttf in Resources */,
				5871841E72394601A979BD00 /* InterFace_Trial_Th.ttf in Resources */,
				DCFE191E527246DAB0ECF04B /* InterFace_Trial_ThIt.ttf in Resources */,
				3C14898D7661448D8F50ECFF /* InterFace_Trial_XBd.ttf in Resources */,
				A820DE1D6ED746B9A37BB4A1 /* InterFace_Trial_XBdIt.ttf in Resources */,
				3DB8D00CBF694707B25FA7CD /* Rubik-Black.ttf in Resources */,
				03F767FDB44A409ABCE41620 /* Rubik-BlackItalic.ttf in Resources */,
				516BB7F3DDEF49568B6768CC /* Rubik-Bold.ttf in Resources */,
				A9FF5FD618C94D299B061B68 /* Rubik-BoldItalic.ttf in Resources */,
				B80B1D73BB3C476682296A21 /* Rubik-ExtraBold.ttf in Resources */,
				3956F1CE04D4422EBC2DBD94 /* Rubik-ExtraBoldItalic.ttf in Resources */,
				51D9E828951E40AC89311C7C /* Rubik-Italic.ttf in Resources */,
				A0D26B05260647CBA1B8BACE /* Rubik-Light.ttf in Resources */,
				41AFD87B9359432AA97037B8 /* Rubik-LightItalic.ttf in Resources */,
				77147CC56F444D54B2110204 /* Rubik-Medium.ttf in Resources */,
				2A1D8917DF5A41CDB3F42DC2 /* Rubik-MediumItalic.ttf in Resources */,
				582CF04D7A824A29B92EFBB8 /* Rubik-Regular.ttf in Resources */,
				7AA436E158834396B9DBB8AC /* Rubik-SemiBold.ttf in Resources */,
				AD589086265C4043BF26C4E1 /* Rubik-SemiBoldItalic.ttf in Resources */,
			);
			runOnlyForDeploymentPostprocessing = 0;
		};
/* End PBXResourcesBuildPhase section */

/* Begin PBXShellScriptBuildPhase section */
		00DD1BFF1BD5951E006B06BC /* Bundle React Native code and images */ = {
			isa = PBXShellScriptBuildPhase;
			alwaysOutOfDate = 1;
			buildActionMask = 2147483647;
			files = (
			);
			inputPaths = (
				"$(SRCROOT)/.xcode.env",
				"$(SRCROOT)/.xcode.env.local",
			);
			name = "Bundle React Native code and images";
			outputPaths = (
			);
			runOnlyForDeploymentPostprocessing = 0;
			shellPath = /bin/sh;
			shellScript = "if [[ -f \"$PODS_ROOT/../.xcode.env\" ]]; then\n  source \"$PODS_ROOT/../.xcode.env\"\nfi\nif [[ -f \"$PODS_ROOT/../.xcode.env.local\" ]]; then\n  source \"$PODS_ROOT/../.xcode.env.local\"\nfi\n\n# The project root by default is one level up from the ios directory\nexport PROJECT_ROOT=\"$PROJECT_DIR\"/..\n\nif [[ \"$CONFIGURATION\" = *Debug* ]]; then\n  export SKIP_BUNDLING=1\nfi\nif [[ -z \"$ENTRY_FILE\" ]]; then\n  # Set the entry JS file using the bundler's entry resolution.\n  export ENTRY_FILE=\"$(\"$NODE_BINARY\" -e \"require('expo/scripts/resolveAppEntry')\" \"$PROJECT_ROOT\" ios absolute | tail -n 1)\"\nfi\n\nif [[ -z \"$CLI_PATH\" ]]; then\n  # Use Expo CLI\n  export CLI_PATH=\"$(\"$NODE_BINARY\" --print \"require.resolve('@expo/cli', { paths: [require.resolve('expo/package.json')] })\")\"\nfi\nif [[ -z \"$BUNDLE_COMMAND\" ]]; then\n  # Default Expo CLI command for bundling\n  export BUNDLE_COMMAND=\"export:embed\"\nfi\n\n# Source .xcode.env.updates if it exists to allow\n# SKIP_BUNDLING to be unset if needed\nif [[ -f \"$PODS_ROOT/../.xcode.env.updates\" ]]; then\n  source \"$PODS_ROOT/../.xcode.env.updates\"\nfi\n# Source local changes to allow overrides\n# if needed\nif [[ -f \"$PODS_ROOT/../.xcode.env.local\" ]]; then\n  source \"$PODS_ROOT/../.xcode.env.local\"\nfi\n\n`\"$NODE_BINARY\" --print \"require('path').dirname(require.resolve('react-native/package.json')) + '/scripts/react-native-xcode.sh'\"`\n\n";
		};
		08A4A3CD28434E44B6B9DE2E /* [CP] Check Pods Manifest.lock */ = {
			isa = PBXShellScriptBuildPhase;
			buildActionMask = 2147483647;
			files = (
			);
			inputFileListPaths = (
			);
			inputPaths = (
				"${PODS_PODFILE_DIR_PATH}/Podfile.lock",
				"${PODS_ROOT}/Manifest.lock",
			);
			name = "[CP] Check Pods Manifest.lock";
			outputFileListPaths = (
			);
			outputPaths = (
				"$(DERIVED_FILE_DIR)/Pods-SufraRewards-checkManifestLockResult.txt",
			);
			runOnlyForDeploymentPostprocessing = 0;
			shellPath = /bin/sh;
			shellScript = "diff \"${PODS_PODFILE_DIR_PATH}/Podfile.lock\" \"${PODS_ROOT}/Manifest.lock\" > /dev/null\nif [ $? != 0 ] ; then\n    # print error to STDERR\n    echo \"error: The sandbox is not in sync with the Podfile.lock. Run 'pod install' or update your CocoaPods installation.\" >&2\n    exit 1\nfi\n# This output is used by Xcode 'outputs' to avoid re-running this script phase.\necho \"SUCCESS\" > \"${SCRIPT_OUTPUT_FILE_0}\"\n";
			showEnvVarsInLog = 0;
		};
		800E24972A6A228C8D4807E9 /* [CP] Copy Pods Resources */ = {
			isa = PBXShellScriptBuildPhase;
			buildActionMask = 2147483647;
			files = (
			);
			inputPaths = (
				"${PODS_ROOT}/Target Support Files/Pods-SufraRewards/Pods-SufraRewards-resources.sh",
				"${PODS_CONFIGURATION_BUILD_DIR}/EXApplication/ExpoApplication_privacy.bundle",
				"${PODS_CONFIGURATION_BUILD_DIR}/EXConstants/EXConstants.bundle",
				"${PODS_CONFIGURATION_BUILD_DIR}/EXConstants/ExpoConstants_privacy.bundle",
				"${PODS_CONFIGURATION_BUILD_DIR}/EXNotifications/ExpoNotifications_privacy.bundle",
				"${PODS_CONFIGURATION_BUILD_DIR}/ExpoFileSystem/ExpoFileSystem_privacy.bundle",
				"${PODS_CONFIGURATION_BUILD_DIR}/ExpoLocalization/ExpoLocalization_privacy.bundle",
				"${PODS_CONFIGURATION_BUILD_DIR}/ExpoMediaLibrary/ExpoMediaLibrary_privacy.bundle",
				"${PODS_CONFIGURATION_BUILD_DIR}/RNSVG/RNSVGFilters.bundle",
				"${PODS_ROOT}/../../node_modules/react-native-vector-icons/Fonts/AntDesign.ttf",
				"${PODS_ROOT}/../../node_modules/react-native-vector-icons/Fonts/Entypo.ttf",
				"${PODS_ROOT}/../../node_modules/react-native-vector-icons/Fonts/EvilIcons.ttf",
				"${PODS_ROOT}/../../node_modules/react-native-vector-icons/Fonts/Feather.ttf",
				"${PODS_ROOT}/../../node_modules/react-native-vector-icons/Fonts/FontAwesome.ttf",
				"${PODS_ROOT}/../../node_modules/react-native-vector-icons/Fonts/FontAwesome5_Brands.ttf",
				"${PODS_ROOT}/../../node_modules/react-native-vector-icons/Fonts/FontAwesome5_Regular.ttf",
				"${PODS_ROOT}/../../node_modules/react-native-vector-icons/Fonts/FontAwesome5_Solid.ttf",
				"${PODS_ROOT}/../../node_modules/react-native-vector-icons/Fonts/FontAwesome6_Brands.ttf",
				"${PODS_ROOT}/../../node_modules/react-native-vector-icons/Fonts/FontAwesome6_Regular.ttf",
				"${PODS_ROOT}/../../node_modules/react-native-vector-icons/Fonts/FontAwesome6_Solid.ttf",
				"${PODS_ROOT}/../../node_modules/react-native-vector-icons/Fonts/Fontisto.ttf",
				"${PODS_ROOT}/../../node_modules/react-native-vector-icons/Fonts/Foundation.ttf",
				"${PODS_ROOT}/../../node_modules/react-native-vector-icons/Fonts/Ionicons.ttf",
				"${PODS_ROOT}/../../node_modules/react-native-vector-icons/Fonts/MaterialCommunityIcons.ttf",
				"${PODS_ROOT}/../../node_modules/react-native-vector-icons/Fonts/MaterialIcons.ttf",
				"${PODS_ROOT}/../../node_modules/react-native-vector-icons/Fonts/Octicons.ttf",
				"${PODS_ROOT}/../../node_modules/react-native-vector-icons/Fonts/SimpleLineIcons.ttf",
				"${PODS_ROOT}/../../node_modules/react-native-vector-icons/Fonts/Zocial.ttf",
				"${PODS_CONFIGURATION_BUILD_DIR}/React-Core/React-Core_privacy.bundle",
				"${PODS_CONFIGURATION_BUILD_DIR}/React-cxxreact/React-cxxreact_privacy.bundle",
				"${PODS_CONFIGURATION_BUILD_DIR}/react-native-maps/ReactNativeMapsPrivacy.bundle",
			);
			name = "[CP] Copy Pods Resources";
			outputPaths = (
				"${TARGET_BUILD_DIR}/${UNLOCALIZED_RESOURCES_FOLDER_PATH}/ExpoApplication_privacy.bundle",
				"${TARGET_BUILD_DIR}/${UNLOCALIZED_RESOURCES_FOLDER_PATH}/EXConstants.bundle",
				"${TARGET_BUILD_DIR}/${UNLOCALIZED_RESOURCES_FOLDER_PATH}/ExpoConstants_privacy.bundle",
				"${TARGET_BUILD_DIR}/${UNLOCALIZED_RESOURCES_FOLDER_PATH}/ExpoNotifications_privacy.bundle",
				"${TARGET_BUILD_DIR}/${UNLOCALIZED_RESOURCES_FOLDER_PATH}/ExpoFileSystem_privacy.bundle",
				"${TARGET_BUILD_DIR}/${UNLOCALIZED_RESOURCES_FOLDER_PATH}/ExpoLocalization_privacy.bundle",
				"${TARGET_BUILD_DIR}/${UNLOCALIZED_RESOURCES_FOLDER_PATH}/ExpoMediaLibrary_privacy.bundle",
				"${TARGET_BUILD_DIR}/${UNLOCALIZED_RESOURCES_FOLDER_PATH}/RNSVGFilters.bundle",
				"${TARGET_BUILD_DIR}/${UNLOCALIZED_RESOURCES_FOLDER_PATH}/AntDesign.ttf",
				"${TARGET_BUILD_DIR}/${UNLOCALIZED_RESOURCES_FOLDER_PATH}/Entypo.ttf",
				"${TARGET_BUILD_DIR}/${UNLOCALIZED_RESOURCES_FOLDER_PATH}/EvilIcons.ttf",
				"${TARGET_BUILD_DIR}/${UNLOCALIZED_RESOURCES_FOLDER_PATH}/Feather.ttf",
				"${TARGET_BUILD_DIR}/${UNLOCALIZED_RESOURCES_FOLDER_PATH}/FontAwesome.ttf",
				"${TARGET_BUILD_DIR}/${UNLOCALIZED_RESOURCES_FOLDER_PATH}/FontAwesome5_Brands.ttf",
				"${TARGET_BUILD_DIR}/${UNLOCALIZED_RESOURCES_FOLDER_PATH}/FontAwesome5_Regular.ttf",
				"${TARGET_BUILD_DIR}/${UNLOCALIZED_RESOURCES_FOLDER_PATH}/FontAwesome5_Solid.ttf",
				"${TARGET_BUILD_DIR}/${UNLOCALIZED_RESOURCES_FOLDER_PATH}/FontAwesome6_Brands.ttf",
				"${TARGET_BUILD_DIR}/${UNLOCALIZED_RESOURCES_FOLDER_PATH}/FontAwesome6_Regular.ttf",
				"${TARGET_BUILD_DIR}/${UNLOCALIZED_RESOURCES_FOLDER_PATH}/FontAwesome6_Solid.ttf",
				"${TARGET_BUILD_DIR}/${UNLOCALIZED_RESOURCES_FOLDER_PATH}/Fontisto.ttf",
				"${TARGET_BUILD_DIR}/${UNLOCALIZED_RESOURCES_FOLDER_PATH}/Foundation.ttf",
				"${TARGET_BUILD_DIR}/${UNLOCALIZED_RESOURCES_FOLDER_PATH}/Ionicons.ttf",
				"${TARGET_BUILD_DIR}/${UNLOCALIZED_RESOURCES_FOLDER_PATH}/MaterialCommunityIcons.ttf",
				"${TARGET_BUILD_DIR}/${UNLOCALIZED_RESOURCES_FOLDER_PATH}/MaterialIcons.ttf",
				"${TARGET_BUILD_DIR}/${UNLOCALIZED_RESOURCES_FOLDER_PATH}/Octicons.ttf",
				"${TARGET_BUILD_DIR}/${UNLOCALIZED_RESOURCES_FOLDER_PATH}/SimpleLineIcons.ttf",
				"${TARGET_BUILD_DIR}/${UNLOCALIZED_RESOURCES_FOLDER_PATH}/Zocial.ttf",
				"${TARGET_BUILD_DIR}/${UNLOCALIZED_RESOURCES_FOLDER_PATH}/React-Core_privacy.bundle",
				"${TARGET_BUILD_DIR}/${UNLOCALIZED_RESOURCES_FOLDER_PATH}/React-cxxreact_privacy.bundle",
				"${TARGET_BUILD_DIR}/${UNLOCALIZED_RESOURCES_FOLDER_PATH}/ReactNativeMapsPrivacy.bundle",
			);
			runOnlyForDeploymentPostprocessing = 0;
			shellPath = /bin/sh;
			shellScript = "\"${PODS_ROOT}/Target Support Files/Pods-SufraRewards/Pods-SufraRewards-resources.sh\"\n";
			showEnvVarsInLog = 0;
		};
		84DFED5A1A2708EBBC4A179B /* [CP] Embed Pods Frameworks */ = {
			isa = PBXShellScriptBuildPhase;
			buildActionMask = 2147483647;
			files = (
			);
			inputPaths = (
				"${PODS_ROOT}/Target Support Files/Pods-SufraRewards/Pods-SufraRewards-frameworks.sh",
				"${PODS_XCFRAMEWORKS_BUILD_DIR}/React-Core-prebuilt/React.framework/React",
				"${PODS_XCFRAMEWORKS_BUILD_DIR}/ReactNativeDependencies/ReactNativeDependencies.framework/ReactNativeDependencies",
				"${PODS_XCFRAMEWORKS_BUILD_DIR}/hermes-engine/Pre-built/hermes.framework/hermes",
			);
			name = "[CP] Embed Pods Frameworks";
			outputPaths = (
				"${TARGET_BUILD_DIR}/${FRAMEWORKS_FOLDER_PATH}/React.framework",
				"${TARGET_BUILD_DIR}/${FRAMEWORKS_FOLDER_PATH}/ReactNativeDependencies.framework",
				"${TARGET_BUILD_DIR}/${FRAMEWORKS_FOLDER_PATH}/hermes.framework",
			);
			runOnlyForDeploymentPostprocessing = 0;
			shellPath = /bin/sh;
			shellScript = "\"${PODS_ROOT}/Target Support Files/Pods-SufraRewards/Pods-SufraRewards-frameworks.sh\"\n";
			showEnvVarsInLog = 0;
		};
		8B3DC949E2C2CCEF2DCDBAAD /* [Expo] Configure project */ = {
			isa = PBXShellScriptBuildPhase;
			alwaysOutOfDate = 1;
			buildActionMask = 2147483647;
			files = (
			);
			inputFileListPaths = (
			);
			inputPaths = (
				"$(SRCROOT)/.xcode.env",
				"$(SRCROOT)/.xcode.env.local",
				"$(SRCROOT)/SufraRewards/SufraRewards.entitlements",
				"$(SRCROOT)/Pods/Target Support Files/Pods-SufraRewards/expo-configure-project.sh",
			);
			name = "[Expo] Configure project";
			outputFileListPaths = (
			);
			outputPaths = (
				"$(SRCROOT)/Pods/Target Support Files/Pods-SufraRewards/ExpoModulesProvider.swift",
			);
			runOnlyForDeploymentPostprocessing = 0;
			shellPath = /bin/sh;
			shellScript = "# This script configures Expo modules and generates the modules provider file.\nbash -l -c \"./Pods/Target\\ Support\\ Files/Pods-SufraRewards/expo-configure-project.sh\"\n";
		};
/* End PBXShellScriptBuildPhase section */

/* Begin PBXSourcesBuildPhase section */
		13B07F871A680F5B00A75B9A /* Sources */ = {
			isa = PBXSourcesBuildPhase;
			buildActionMask = 2147483647;
			files = (
				F11748422D0307B40044C1D9 /* AppDelegate.swift in Sources */,
				D35672CCADC23E4F43F720BB /* ExpoModulesProvider.swift in Sources */,
			);
			runOnlyForDeploymentPostprocessing = 0;
		};
/* End PBXSourcesBuildPhase section */

/* Begin XCBuildConfiguration section */
		13B07F941A680F5B00A75B9A /* Debug */ = {
			isa = XCBuildConfiguration;
			baseConfigurationReference = C105043C058641A2FF0D768B /* Pods-SufraRewards.debug.xcconfig */;
			buildSettings = {
				ASSETCATALOG_COMPILER_APPICON_NAME = AppIcon;
				CLANG_ENABLE_MODULES = YES;
				CODE_SIGN_ENTITLEMENTS = SufraRewards/SufraRewards.entitlements;
				CURRENT_PROJECT_VERSION = 1;
				ENABLE_BITCODE = NO;
				GCC_PREPROCESSOR_DEFINITIONS = (
					"$(inherited)",
					"FB_SONARKIT_ENABLED=1",
				);
				INFOPLIST_FILE = SufraRewards/Info.plist;
				IPHONEOS_DEPLOYMENT_TARGET = 15.1;
				LD_RUNPATH_SEARCH_PATHS = (
					"$(inherited)",
					"@executable_path/Frameworks",
				);
				MARKETING_VERSION = 1.0;
				OTHER_LDFLAGS = (
					"$(inherited)",
					"-ObjC",
					"-lc++",
				);
				OTHER_SWIFT_FLAGS = "$(inherited) -D EXPO_CONFIGURATION_DEBUG";
				PRODUCT_BUNDLE_IDENTIFIER = com.sufrarewards;
				PRODUCT_NAME = SufraRewards;
				SWIFT_OBJC_BRIDGING_HEADER = "SufraRewards/SufraRewards-Bridging-Header.h";
				SWIFT_OPTIMIZATION_LEVEL = "-Onone";
				SWIFT_VERSION = 5.0;
				TARGETED_DEVICE_FAMILY = "1,2";
				VERSIONING_SYSTEM = "apple-generic";
			};
			name = Debug;
		};
		13B07F951A680F5B00A75B9A /* Release */ = {
			isa = XCBuildConfiguration;
			baseConfigurationReference = 23771C85633B476F21208D61 /* Pods-SufraRewards.release.xcconfig */;
			buildSettings = {
				ASSETCATALOG_COMPILER_APPICON_NAME = AppIcon;
				CLANG_ENABLE_MODULES = YES;
				CODE_SIGN_ENTITLEMENTS = SufraRewards/SufraRewards.entitlements;
				CURRENT_PROJECT_VERSION = 1;
				INFOPLIST_FILE = SufraRewards/Info.plist;
				IPHONEOS_DEPLOYMENT_TARGET = 15.1;
				LD_RUNPATH_SEARCH_PATHS = (
					"$(inherited)",
					"@executable_path/Frameworks",
				);
				MARKETING_VERSION = 1.0;
				OTHER_LDFLAGS = (
					"$(inherited)",
					"-ObjC",
					"-lc++",
				);
				OTHER_SWIFT_FLAGS = "$(inherited) -D EXPO_CONFIGURATION_RELEASE";
				PRODUCT_BUNDLE_IDENTIFIER = com.sufrarewards;
				PRODUCT_NAME = SufraRewards;
				SWIFT_OBJC_BRIDGING_HEADER = "SufraRewards/SufraRewards-Bridging-Header.h";
				SWIFT_VERSION = 5.0;
				TARGETED_DEVICE_FAMILY = "1,2";
				VERSIONING_SYSTEM = "apple-generic";
			};
			name = Release;
		};
		83CBBA201A601CBA00E9B192 /* Debug */ = {
			isa = XCBuildConfiguration;
			buildSettings = {
				ALWAYS_SEARCH_USER_PATHS = NO;
				CLANG_ANALYZER_LOCALIZABILITY_NONLOCALIZED = YES;
				CLANG_CXX_LANGUAGE_STANDARD = "c++20";
				CLANG_CXX_LIBRARY = "libc++";
				CLANG_ENABLE_MODULES = YES;
				CLANG_ENABLE_OBJC_ARC = YES;
				CLANG_WARN_BLOCK_CAPTURE_AUTORELEASING = YES;
				CLANG_WARN_BOOL_CONVERSION = YES;
				CLANG_WARN_COMMA = YES;
				CLANG_WARN_CONSTANT_CONVERSION = YES;
				CLANG_WARN_DEPRECATED_OBJC_IMPLEMENTATIONS = YES;
				CLANG_WARN_DIRECT_OBJC_ISA_USAGE = YES_ERROR;
				CLANG_WARN_EMPTY_BODY = YES;
				CLANG_WARN_ENUM_CONVERSION = YES;
				CLANG_WARN_INFINITE_RECURSION = YES;
				CLANG_WARN_INT_CONVERSION = YES;
				CLANG_WARN_NON_LITERAL_NULL_CONVERSION = YES;
				CLANG_WARN_OBJC_IMPLICIT_RETAIN_SELF = YES;
				CLANG_WARN_OBJC_LITERAL_CONVERSION = YES;
				CLANG_WARN_OBJC_ROOT_CLASS = YES_ERROR;
				CLANG_WARN_RANGE_LOOP_ANALYSIS = YES;
				CLANG_WARN_STRICT_PROTOTYPES = YES;
				CLANG_WARN_SUSPICIOUS_MOVE = YES;
				CLANG_WARN_UNREACHABLE_CODE = YES;
				CLANG_WARN__DUPLICATE_METHOD_MATCH = YES;
				"CODE_SIGN_IDENTITY[sdk=iphoneos*]" = "iPhone Developer";
				COPY_PHASE_STRIP = NO;
				ENABLE_STRICT_OBJC_MSGSEND = YES;
				ENABLE_TESTABILITY = YES;
				GCC_C_LANGUAGE_STANDARD = gnu99;
				GCC_DYNAMIC_NO_PIC = NO;
				GCC_NO_COMMON_BLOCKS = YES;
				GCC_OPTIMIZATION_LEVEL = 0;
				GCC_PREPROCESSOR_DEFINITIONS = (
					"DEBUG=1",
					"$(inherited)",
				);
				GCC_SYMBOLS_PRIVATE_EXTERN = NO;
				GCC_WARN_64_TO_32_BIT_CONVERSION = YES;
				GCC_WARN_ABOUT_RETURN_TYPE = YES_ERROR;
				GCC_WARN_UNDECLARED_SELECTOR = YES;
				GCC_WARN_UNINITIALIZED_AUTOS = YES_AGGRESSIVE;
				GCC_WARN_UNUSED_FUNCTION = YES;
				GCC_WARN_UNUSED_VARIABLE = YES;
				IPHONEOS_DEPLOYMENT_TARGET = 15.1;
				LD_RUNPATH_SEARCH_PATHS = (
					/usr/lib/swift,
					"$(inherited)",
				);
				LIBRARY_SEARCH_PATHS = "$(SDKROOT)/usr/lib/swift\"$(inherited)\"";
				MTL_ENABLE_DEBUG_INFO = YES;
				ONLY_ACTIVE_ARCH = YES;
				REACT_NATIVE_PATH = "${PODS_ROOT}/../../node_modules/react-native";
				SDKROOT = iphoneos;
				SWIFT_ACTIVE_COMPILATION_CONDITIONS = "$(inherited) DEBUG";
				SWIFT_ENABLE_EXPLICIT_MODULES = NO;
				USE_HERMES = true;
			};
			name = Debug;
		};
		83CBBA211A601CBA00E9B192 /* Release */ = {
			isa = XCBuildConfiguration;
			buildSettings = {
				ALWAYS_SEARCH_USER_PATHS = NO;
				CLANG_ANALYZER_LOCALIZABILITY_NONLOCALIZED = YES;
				CLANG_CXX_LANGUAGE_STANDARD = "c++20";
				CLANG_CXX_LIBRARY = "libc++";
				CLANG_ENABLE_MODULES = YES;
				CLANG_ENABLE_OBJC_ARC = YES;
				CLANG_WARN_BLOCK_CAPTURE_AUTORELEASING = YES;
				CLANG_WARN_BOOL_CONVERSION = YES;
				CLANG_WARN_COMMA = YES;
				CLANG_WARN_CONSTANT_CONVERSION = YES;
				CLANG_WARN_DEPRECATED_OBJC_IMPLEMENTATIONS = YES;
				CLANG_WARN_DIRECT_OBJC_ISA_USAGE = YES_ERROR;
				CLANG_WARN_EMPTY_BODY = YES;
				CLANG_WARN_ENUM_CONVERSION = YES;
				CLANG_WARN_INFINITE_RECURSION = YES;
				CLANG_WARN_INT_CONVERSION = YES;
				CLANG_WARN_NON_LITERAL_NULL_CONVERSION = YES;
				CLANG_WARN_OBJC_IMPLICIT_RETAIN_SELF = YES;
				CLANG_WARN_OBJC_LITERAL_CONVERSION = YES;
				CLANG_WARN_OBJC_ROOT_CLASS = YES_ERROR;
				CLANG_WARN_RANGE_LOOP_ANALYSIS = YES;
				CLANG_WARN_STRICT_PROTOTYPES = YES;
				CLANG_WARN_SUSPICIOUS_MOVE = YES;
				CLANG_WARN_UNREACHABLE_CODE = YES;
				CLANG_WARN__DUPLICATE_METHOD_MATCH = YES;
				"CODE_SIGN_IDENTITY[sdk=iphoneos*]" = "iPhone Developer";
				COPY_PHASE_STRIP = YES;
				ENABLE_NS_ASSERTIONS = NO;
				ENABLE_STRICT_OBJC_MSGSEND = YES;
				GCC_C_LANGUAGE_STANDARD = gnu99;
				GCC_NO_COMMON_BLOCKS = YES;
				GCC_WARN_64_TO_32_BIT_CONVERSION = YES;
				GCC_WARN_ABOUT_RETURN_TYPE = YES_ERROR;
				GCC_WARN_UNDECLARED_SELECTOR = YES;
				GCC_WARN_UNINITIALIZED_AUTOS = YES_AGGRESSIVE;
				GCC_WARN_UNUSED_FUNCTION = YES;
				GCC_WARN_UNUSED_VARIABLE = YES;
				IPHONEOS_DEPLOYMENT_TARGET = 15.1;
				LD_RUNPATH_SEARCH_PATHS = (
					/usr/lib/swift,
					"$(inherited)",
				);
				LIBRARY_SEARCH_PATHS = "$(SDKROOT)/usr/lib/swift\"$(inherited)\"";
				MTL_ENABLE_DEBUG_INFO = NO;
				REACT_NATIVE_PATH = "${PODS_ROOT}/../../node_modules/react-native";
				SDKROOT = iphoneos;
				SWIFT_ENABLE_EXPLICIT_MODULES = NO;
				USE_HERMES = true;
				VALIDATE_PRODUCT = YES;
			};
			name = Release;
		};
/* End XCBuildConfiguration section */

/* Begin XCConfigurationList section */
		13B07F931A680F5B00A75B9A /* Build configuration list for PBXNativeTarget "SufraRewards" */ = {
			isa = XCConfigurationList;
			buildConfigurations = (
				13B07F941A680F5B00A75B9A /* Debug */,
				13B07F951A680F5B00A75B9A /* Release */,
			);
			defaultConfigurationIsVisible = 0;
			defaultConfigurationName = Release;
		};
		83CBB9FA1A601CBA00E9B192 /* Build configuration list for PBXProject "SufraRewards" */ = {
			isa = XCConfigurationList;
			buildConfigurations = (
				83CBBA201A601CBA00E9B192 /* Debug */,
				83CBBA211A601CBA00E9B192 /* Release */,
			);
			defaultConfigurationIsVisible = 0;
			defaultConfigurationName = Release;
		};
/* End XCConfigurationList section */
	};
	rootObject = 83CBB9F71A601CBA00E9B192 /* Project object */;
}
